lockfileVersion: '9.0'

settings:
  autoInstallPeers: true
  excludeLinksFromLockfile: false

patchedDependencies:
  '@swmansion/smelter-core@0.4.0':
    hash: 7d627375889eb77d6698533275c0581b589de6238a707f9ec52b2768d7c18d12
    path: ../../patches/@swmansion__smelter-core@0.4.0.patch

importers:

  .:
    devDependencies:
      typescript:
        specifier: ^5
        version: 5.9.3

packages:

  typescript@5.9.3:
    resolution: {integrity: sha512-jl1vZzPDinLr9eUt3J/t7V6FgNEw9QjvBPdysz9KfQDD41fQrC2Y4vKQdiaUpFT4bXlb1RHhLpp8wtm6M5TgSw==}
    engines: {node: '>=14.17'}
    hasBin: true

snapshots:

  typescript@5.9.3: {}
